
Microsoft Visual Studio Solution File, Format Version 12.00
# Visual Studio Version 17
VisualStudioVersion = 17.5.33414.496
MinimumVisualStudioVersion = 10.0.40219.1
Project("{FAE04EC0-301F-11D3-BF4B-00C04F79EFBC}") = "Backend", "Backend\Backend.csproj", "{658B105D-13DD-4188-8E21-1F11D1935F7F}"
EndProject
Project("{FAE04EC0-301F-11D3-BF4B-00C04F79EFBC}") = "Tests", "Tests\Tests.csproj", "{D7D31B57-ED37-4915-A4A6-372723F31425}"
EndProject
Global
	GlobalSection(SolutionConfigurationPlatforms) = preSolution
		Debug|Any CPU = Debug|Any CPU
		Release|Any CPU = Release|Any CPU
	EndGlobalSection
	GlobalSection(ProjectConfigurationPlatforms) = postSolution
		{658B105D-13DD-4188-8E21-1F11D1935F7F}.Debug|Any CPU.ActiveCfg = Debug|Any CPU
		{658B105D-13DD-4188-8E21-1F11D1935F7F}.Debug|Any CPU.Build.0 = Debug|Any CPU
		{658B105D-13DD-4188-8E21-1F11D1935F7F}.Release|Any CPU.ActiveCfg = Release|Any CPU
		{658B105D-13DD-4188-8E21-1F11D1935F7F}.Release|Any CPU.Build.0 = Release|Any CPU
		{D7D31B57-ED37-4915-A4A6-372723F31425}.Debug|Any CPU.ActiveCfg = Debug|Any CPU
		{D7D31B57-ED37-4915-A4A6-372723F31425}.Debug|Any CPU.Build.0 = Debug|Any CPU
		{D7D31B57-ED37-4915-A4A6-372723F31425}.Release|Any CPU.ActiveCfg = Release|Any CPU
		{D7D31B57-ED37-4915-A4A6-372723F31425}.Release|Any CPU.Build.0 = Release|Any CPU
	EndGlobalSection
	GlobalSection(SolutionProperties) = preSolution
		HideSolutionNode = FALSE
	EndGlobalSection
	GlobalSection(ExtensibilityGlobals) = postSolution
		SolutionGuid = {BE0DF522-5961-4671-B02A-EBD8E735CA4B}
	EndGlobalSection
EndGlobal
